
Microsoft Visual Studio Solution File, Format Version 12.00
# Visual Studio Version 16
VisualStudioVersion = 16.0.30611.23
MinimumVisualStudioVersion = 10.0.40219.1
Project("{FAE04EC0-301F-11D3-BF4B-00C04F79EFBC}") = "Nexusat.Calendar", "Nexusat.Calendar\Nexusat.Calendar.csproj", "{49F48703-51BB-4348-AF2D-12FD4DB99B60}"
EndProject
Project("{FAE04EC0-301F-11D3-BF4B-00C04F79EFBC}") = "Nexusat.Calendar.Tests", "Nexusat.Calendar.Tests\Nexusat.Calendar.Tests.csproj", "{7DB1A1C1-9569-4954-9489-DD5F88A2BD51}"
EndProject
Global
	GlobalSection(SolutionConfigurationPlatforms) = preSolution
		Debug|Any CPU = Debug|Any CPU
		Release|Any CPU = Release|Any CPU
	EndGlobalSection
	GlobalSection(ProjectConfigurationPlatforms) = postSolution
		{49F48703-51BB-4348-AF2D-12FD4DB99B60}.Debug|Any CPU.ActiveCfg = Debug|Any CPU
		{49F48703-51BB-4348-AF2D-12FD4DB99B60}.Debug|Any CPU.Build.0 = Debug|Any CPU
		{49F48703-51BB-4348-AF2D-12FD4DB99B60}.Release|Any CPU.ActiveCfg = Release|Any CPU
		{49F48703-51BB-4348-AF2D-12FD4DB99B60}.Release|Any CPU.Build.0 = Release|Any CPU
		{7DB1A1C1-9569-4954-9489-DD5F88A2BD51}.Debug|Any CPU.ActiveCfg = Debug|Any CPU
		{7DB1A1C1-9569-4954-9489-DD5F88A2BD51}.Debug|Any CPU.Build.0 = Debug|Any CPU
		{7DB1A1C1-9569-4954-9489-DD5F88A2BD51}.Release|Any CPU.ActiveCfg = Release|Any CPU
		{7DB1A1C1-9569-4954-9489-DD5F88A2BD51}.Release|Any CPU.Build.0 = Release|Any CPU
	EndGlobalSection
	GlobalSection(SolutionProperties) = preSolution
		HideSolutionNode = FALSE
	EndGlobalSection
	GlobalSection(ExtensibilityGlobals) = postSolution
		SolutionGuid = {2081647E-80F5-44B2-92D0-F38501170B60}
	EndGlobalSection
EndGlobal
